
Microsoft Visual Studio Solution File, Format Version 12.00
# Visual Studio Version 17
VisualStudioVersion = 17.2.32630.192
MinimumVisualStudioVersion = 10.0.40219.1
Project("{9A19103F-16F7-4668-BE54-9A1E7A4F7556}") = "R5T.Z0057.Construction", "R5T.Z0057.Construction\R5T.Z0057.Construction.csproj", "{27223CB5-1B10-4B7D-A442-1E1FDC58285B}"
EndProject
Project("{9A19103F-16F7-4668-BE54-9A1E7A4F7556}") = "R5T.Z0057", "R5T.Z0057\R5T.Z0057.csproj", "{51AA097E-ACAC-4B08-897D-00A3184AF944}"
EndProject
Global
	GlobalSection(SolutionConfigurationPlatforms) = preSolution
		Debug|Any CPU = Debug|Any CPU
		Release|Any CPU = Release|Any CPU
	EndGlobalSection
	GlobalSection(ProjectConfigurationPlatforms) = postSolution
		{27223CB5-1B10-4B7D-A442-1E1FDC58285B}.Debug|Any CPU.ActiveCfg = Debug|Any CPU
		{27223CB5-1B10-4B7D-A442-1E1FDC58285B}.Debug|Any CPU.Build.0 = Debug|Any CPU
		{27223CB5-1B10-4B7D-A442-1E1FDC58285B}.Release|Any CPU.ActiveCfg = Release|Any CPU
		{27223CB5-1B10-4B7D-A442-1E1FDC58285B}.Release|Any CPU.Build.0 = Release|Any CPU
		{51AA097E-ACAC-4B08-897D-00A3184AF944}.Debug|Any CPU.ActiveCfg = Debug|Any CPU
		{51AA097E-ACAC-4B08-897D-00A3184AF944}.Debug|Any CPU.Build.0 = Debug|Any CPU
		{51AA097E-ACAC-4B08-897D-00A3184AF944}.Release|Any CPU.ActiveCfg = Release|Any CPU
		{51AA097E-ACAC-4B08-897D-00A3184AF944}.Release|Any CPU.Build.0 = Release|Any CPU
	EndGlobalSection
	GlobalSection(SolutionProperties) = preSolution
		HideSolutionNode = FALSE
	EndGlobalSection
	GlobalSection(ExtensibilityGlobals) = postSolution
		SolutionGuid = {F146C5BA-C688-485D-88C3-155B04E6EAA8}
	EndGlobalSection
EndGlobal
