
Microsoft Visual Studio Solution File, Format Version 12.00
# Visual Studio Version 17
VisualStudioVersion = 17.2.32630.192
MinimumVisualStudioVersion = 10.0.40219.1
Project("{9A19103F-16F7-4668-BE54-9A1E7A4F7556}") = "R5T.Z0057", "R5T.Z0057\R5T.Z0057.csproj", "{B94E5B36-8BD4-4776-B74D-61450BC5A399}"
EndProject
Global
	GlobalSection(SolutionConfigurationPlatforms) = preSolution
		Debug|Any CPU = Debug|Any CPU
		Release|Any CPU = Release|Any CPU
	EndGlobalSection
	GlobalSection(ProjectConfigurationPlatforms) = postSolution
		{B94E5B36-8BD4-4776-B74D-61450BC5A399}.Debug|Any CPU.ActiveCfg = Debug|Any CPU
		{B94E5B36-8BD4-4776-B74D-61450BC5A399}.Debug|Any CPU.Build.0 = Debug|Any CPU
		{B94E5B36-8BD4-4776-B74D-61450BC5A399}.Release|Any CPU.ActiveCfg = Release|Any CPU
		{B94E5B36-8BD4-4776-B74D-61450BC5A399}.Release|Any CPU.Build.0 = Release|Any CPU
	EndGlobalSection
	GlobalSection(SolutionProperties) = preSolution
		HideSolutionNode = FALSE
	EndGlobalSection
	GlobalSection(ExtensibilityGlobals) = postSolution
		SolutionGuid = {B1045AB6-2B5A-43C0-A7CB-204348690550}
	EndGlobalSection
EndGlobal
