
Microsoft Visual Studio Solution File, Format Version 12.00
# Visual Studio Version 17
VisualStudioVersion = 17.2.32630.192
MinimumVisualStudioVersion = 10.0.40219.1
Project("{9A19103F-16F7-4668-BE54-9A1E7A4F7556}") = "R5T.Z0057", "R5T.Z0057\R5T.Z0057.csproj", "{B94E5B36-8BD4-4776-B74D-61450BC5A399}"
EndProject
Project("{2150E333-8FDC-42A3-9474-1A3956D46DE8}") = "_Dependencies", "_Dependencies", "{00DFD208-8174-4380-A7D6-45E0176BC9B8}"
EndProject
Project("{9A19103F-16F7-4668-BE54-9A1E7A4F7556}") = "R5T.T0132", "..\..\R5T.T0132\source\R5T.T0132\R5T.T0132.csproj", "{169A366E-12F8-484A-8995-343828855B3C}"
EndProject
Project("{9A19103F-16F7-4668-BE54-9A1E7A4F7556}") = "R5T.T0143", "..\..\R5T.T0143\source\R5T.T0143\R5T.T0143.csproj", "{18F24591-B30C-42DF-8F19-365CF32EE168}"
EndProject
Project("{9A19103F-16F7-4668-BE54-9A1E7A4F7556}") = "R5T.T0178", "..\..\R5T.T0178\source\R5T.T0178\R5T.T0178.csproj", "{0FB8EAE1-EBB7-444C-B0E1-2A52B4E64D07}"
EndProject
Project("{9A19103F-16F7-4668-BE54-9A1E7A4F7556}") = "R5T.T0179", "..\..\R5T.T0179\source\R5T.T0179\R5T.T0179.csproj", "{E6AC2965-7E64-4698-8269-27DFD1AEC34A}"
EndProject
Project("{9A19103F-16F7-4668-BE54-9A1E7A4F7556}") = "R5T.T0218", "..\..\R5T.T0218\source\R5T.T0218\R5T.T0218.csproj", "{15213C2B-8CA7-4B44-8BAC-F50F7EAEE008}"
EndProject
Project("{9A19103F-16F7-4668-BE54-9A1E7A4F7556}") = "R5T.T0131", "..\..\R5T.T0131\source\R5T.T0131\R5T.T0131.csproj", "{F101AD5D-677B-4105-9D9A-7D26E0E47DA0}"
EndProject
Project("{9A19103F-16F7-4668-BE54-9A1E7A4F7556}") = "R5T.Z0057.Platform", "R5T.Z0057.Platform\R5T.Z0057.Platform.csproj", "{9E46CF44-B2A6-448E-B019-3C3DC59B99F3}"
EndProject
Global
	GlobalSection(NestedProjects) = preSolution
		{169A366E-12F8-484A-8995-343828855B3C} = {00DFD208-8174-4380-A7D6-45E0176BC9B8}
		{18F24591-B30C-42DF-8F19-365CF32EE168} = {00DFD208-8174-4380-A7D6-45E0176BC9B8}
		{0FB8EAE1-EBB7-444C-B0E1-2A52B4E64D07} = {00DFD208-8174-4380-A7D6-45E0176BC9B8}
		{E6AC2965-7E64-4698-8269-27DFD1AEC34A} = {00DFD208-8174-4380-A7D6-45E0176BC9B8}
		{15213C2B-8CA7-4B44-8BAC-F50F7EAEE008} = {00DFD208-8174-4380-A7D6-45E0176BC9B8}
		{F101AD5D-677B-4105-9D9A-7D26E0E47DA0} = {00DFD208-8174-4380-A7D6-45E0176BC9B8}
	EndGlobalSection
	GlobalSection(SolutionConfigurationPlatforms) = preSolution
		Debug|Any CPU = Debug|Any CPU
		Release|Any CPU = Release|Any CPU
	EndGlobalSection
	GlobalSection(ProjectConfigurationPlatforms) = postSolution
		{B94E5B36-8BD4-4776-B74D-61450BC5A399}.Debug|Any CPU.ActiveCfg = Debug|Any CPU
		{B94E5B36-8BD4-4776-B74D-61450BC5A399}.Debug|Any CPU.Build.0 = Debug|Any CPU
		{B94E5B36-8BD4-4776-B74D-61450BC5A399}.Release|Any CPU.ActiveCfg = Release|Any CPU
		{B94E5B36-8BD4-4776-B74D-61450BC5A399}.Release|Any CPU.Build.0 = Release|Any CPU
		{169A366E-12F8-484A-8995-343828855B3C}.Debug|Any CPU.ActiveCfg = Debug|Any CPU
		{169A366E-12F8-484A-8995-343828855B3C}.Debug|Any CPU.Build.0 = Debug|Any CPU
		{169A366E-12F8-484A-8995-343828855B3C}.Release|Any CPU.ActiveCfg = Release|Any CPU
		{169A366E-12F8-484A-8995-343828855B3C}.Release|Any CPU.Build.0 = Release|Any CPU
		{18F24591-B30C-42DF-8F19-365CF32EE168}.Debug|Any CPU.ActiveCfg = Debug|Any CPU
		{18F24591-B30C-42DF-8F19-365CF32EE168}.Debug|Any CPU.Build.0 = Debug|Any CPU
		{18F24591-B30C-42DF-8F19-365CF32EE168}.Release|Any CPU.ActiveCfg = Release|Any CPU
		{18F24591-B30C-42DF-8F19-365CF32EE168}.Release|Any CPU.Build.0 = Release|Any CPU
		{0FB8EAE1-EBB7-444C-B0E1-2A52B4E64D07}.Debug|Any CPU.ActiveCfg = Debug|Any CPU
		{0FB8EAE1-EBB7-444C-B0E1-2A52B4E64D07}.Debug|Any CPU.Build.0 = Debug|Any CPU
		{0FB8EAE1-EBB7-444C-B0E1-2A52B4E64D07}.Release|Any CPU.ActiveCfg = Release|Any CPU
		{0FB8EAE1-EBB7-444C-B0E1-2A52B4E64D07}.Release|Any CPU.Build.0 = Release|Any CPU
		{E6AC2965-7E64-4698-8269-27DFD1AEC34A}.Debug|Any CPU.ActiveCfg = Debug|Any CPU
		{E6AC2965-7E64-4698-8269-27DFD1AEC34A}.Debug|Any CPU.Build.0 = Debug|Any CPU
		{E6AC2965-7E64-4698-8269-27DFD1AEC34A}.Release|Any CPU.ActiveCfg = Release|Any CPU
		{E6AC2965-7E64-4698-8269-27DFD1AEC34A}.Release|Any CPU.Build.0 = Release|Any CPU
		{15213C2B-8CA7-4B44-8BAC-F50F7EAEE008}.Debug|Any CPU.ActiveCfg = Debug|Any CPU
		{15213C2B-8CA7-4B44-8BAC-F50F7EAEE008}.Debug|Any CPU.Build.0 = Debug|Any CPU
		{15213C2B-8CA7-4B44-8BAC-F50F7EAEE008}.Release|Any CPU.ActiveCfg = Release|Any CPU
		{15213C2B-8CA7-4B44-8BAC-F50F7EAEE008}.Release|Any CPU.Build.0 = Release|Any CPU
		{F101AD5D-677B-4105-9D9A-7D26E0E47DA0}.Debug|Any CPU.ActiveCfg = Debug|Any CPU
		{F101AD5D-677B-4105-9D9A-7D26E0E47DA0}.Debug|Any CPU.Build.0 = Debug|Any CPU
		{F101AD5D-677B-4105-9D9A-7D26E0E47DA0}.Release|Any CPU.ActiveCfg = Release|Any CPU
		{F101AD5D-677B-4105-9D9A-7D26E0E47DA0}.Release|Any CPU.Build.0 = Release|Any CPU
		{9E46CF44-B2A6-448E-B019-3C3DC59B99F3}.Debug|Any CPU.ActiveCfg = Debug|Any CPU
		{9E46CF44-B2A6-448E-B019-3C3DC59B99F3}.Debug|Any CPU.Build.0 = Debug|Any CPU
		{9E46CF44-B2A6-448E-B019-3C3DC59B99F3}.Release|Any CPU.ActiveCfg = Release|Any CPU
		{9E46CF44-B2A6-448E-B019-3C3DC59B99F3}.Release|Any CPU.Build.0 = Release|Any CPU
	EndGlobalSection
	GlobalSection(SolutionProperties) = preSolution
		HideSolutionNode = FALSE
	EndGlobalSection
	GlobalSection(ExtensibilityGlobals) = postSolution
		SolutionGuid = {B1045AB6-2B5A-43C0-A7CB-204348690550}
	EndGlobalSection
EndGlobal
